PODS:
  - audioplayers (0.0.1):
    - Flutter
  - connectivity (0.0.1):
    - Flutter
    - Reachability
  - device_info (0.0.1):
    - Flutter
  - DKImagePickerController/Core (4.3.2):
    - DKImagePickerController/ImageDataManager
    - DKImagePickerController/Resource
  - DKImagePickerController/ImageDataManager (4.3.2)
  - DKImagePickerController/PhotoGallery (4.3.2):
    - DKImagePickerController/Core
    - DKPhotoGallery
  - DKImagePickerController/Resource (4.3.2)
  - DKPhotoGallery (0.0.17):
    - DKPhotoGallery/Core (= 0.0.17)
    - DKPhotoGallery/Model (= 0.0.17)
    - DKPhotoGallery/Preview (= 0.0.17)
    - DKPhotoGallery/Resource (= 0.0.17)
    - SDWebImage
    - SwiftyGif
  - DKPhotoGallery/Core (0.0.17):
    - DKPhotoGallery/Model
    - DKPhotoGallery/Preview
    - SDWebImage
    - SwiftyGif
  - DKPhotoGallery/Model (0.0.17):
    - SDWebImage
    - SwiftyGif
  - DKPhotoGallery/Preview (0.0.17):
    - DKPhotoGallery/Model
    - DKPhotoGallery/Resource
    - SDWebImage
    - SwiftyGif
  - DKPhotoGallery/Resource (0.0.17):
    - SDWebImage
    - SwiftyGif
  - emoji_picker_flutter (0.0.1):
    - Flutter
  - file_picker (0.0.1):
    - DKImagePickerController/PhotoGallery
    - Flutter
  - FLAnimatedImage (1.0.16)
  - Flutter (1.0.0)
  - flutter_image_compress (0.0.1):
    - Flutter
    - Mantle
    - SDWebImage
    - SDWebImageWebPCoder
  - flutter_sound (9.1.3):
    - Flutter
    - flutter_sound_core (= 9.1.3)
  - flutter_sound_core (9.1.3)
  - fluttertoast (0.0.2):
    - Flutter
    - Toast
  - FMDB (2.7.5):
    - FMDB/standard (= 2.7.5)
  - FMDB/standard (2.7.5)
  - image_picker (0.0.1):
    - Flutter
  - JCore (2.6.2)
  - JPush (3.6.1):
    - JCore (< 3.0.0, >= 2.0.0)
  - jpush_flutter (0.0.2):
    - Flutter
    - JCore (= 2.6.2)
    - JPush (= 3.6.1)
  - libwebp (1.2.1):
    - libwebp/demux (= 1.2.1)
    - libwebp/mux (= 1.2.1)
    - libwebp/webp (= 1.2.1)
  - libwebp/demux (1.2.1):
    - libwebp/webp
  - libwebp/mux (1.2.1):
    - libwebp/demux
  - libwebp/webp (1.2.1)
  - M80AttributedLabel (1.9.9)
  - Mantle (2.2.0):
    - Mantle/extobjc (= 2.2.0)
  - Mantle/extobjc (2.2.0)
  - open_file (0.0.1):
    - Flutter
  - package_info (0.0.1):
    - Flutter
  - path_provider_ios (0.0.1):
    - Flutter
  - "permission_handler (5.1.0+2)":
    - Flutter
  - photo_manager (2.0.0):
    - Flutter
    - FlutterMacOS
  - Reachability (3.2)
  - record (0.0.1):
    - Flutter
  - SDWebImage (5.12.2):
    - SDWebImage/Core (= 5.12.2)
  - SDWebImage/Core (5.12.2)
  - SDWebImageWebPCoder (0.8.4):
    - libwebp (~> 1.0)
    - SDWebImage/Core (~> 5.10)
  - share (0.0.1):
    - Flutter
  - shared_preferences_ios (0.0.1):
    - Flutter
  - sqflite (0.0.2):
    - Flutter
    - FMDB (>= 2.7.5)
  - SVProgressHUD (2.2.5)
  - SwiftyGif (5.4.3)
  - Toast (4.0.0)
  - TZImagePickerController (3.7.2)
  - url_launcher_ios (0.0.1):
    - Flutter
  - video_player_avfoundation (0.0.1):
    - Flutter
  - video_thumbnail (0.0.1):
    - Flutter
    - libwebp
  - webview_flutter_wkwebview (0.0.1):
    - Flutter
  - zego_express_engine (2.17.1):
    - Flutter
    - ZegoExpressEngine (= 2.17.1)
  - ZegoExpressEngine (2.17.1):
    - ZegoExpressEngine/Video (= 2.17.1)
  - ZegoExpressEngine/Video (2.17.1)

DEPENDENCIES:
  - audioplayers (from `.symlinks/plugins/audioplayers/ios`)
  - connectivity (from `.symlinks/plugins/connectivity/ios`)
  - device_info (from `.symlinks/plugins/device_info/ios`)
  - emoji_picker_flutter (from `.symlinks/plugins/emoji_picker_flutter/ios`)
  - file_picker (from `.symlinks/plugins/file_picker/ios`)
  - FLAnimatedImage (~> 1.0.16)
  - Flutter (from `Flutter`)
  - flutter_image_compress (from `.symlinks/plugins/flutter_image_compress/ios`)
  - flutter_sound (from `.symlinks/plugins/flutter_sound/ios`)
  - fluttertoast (from `.symlinks/plugins/fluttertoast/ios`)
  - image_picker (from `.symlinks/plugins/image_picker/ios`)
  - jpush_flutter (from `.symlinks/plugins/jpush_flutter/ios`)
  - M80AttributedLabel (~> 1.9.9)
  - open_file (from `.symlinks/plugins/open_file/ios`)
  - package_info (from `.symlinks/plugins/package_info/ios`)
  - path_provider_ios (from `.symlinks/plugins/path_provider_ios/ios`)
  - permission_handler (from `.symlinks/plugins/permission_handler/ios`)
  - photo_manager (from `.symlinks/plugins/photo_manager/ios`)
  - record (from `.symlinks/plugins/record/ios`)
  - SDWebImage (~> 5.12.2)
  - share (from `.symlinks/plugins/share/ios`)
  - shared_preferences_ios (from `.symlinks/plugins/shared_preferences_ios/ios`)
  - sqflite (from `.symlinks/plugins/sqflite/ios`)
  - SVProgressHUD (~> 2.2.5)
  - TZImagePickerController (~> 3.7.2)
  - url_launcher_ios (from `.symlinks/plugins/url_launcher_ios/ios`)
  - video_player_avfoundation (from `.symlinks/plugins/video_player_avfoundation/ios`)
  - video_thumbnail (from `.symlinks/plugins/video_thumbnail/ios`)
  - webview_flutter_wkwebview (from `.symlinks/plugins/webview_flutter_wkwebview/ios`)
  - zego_express_engine (from `.symlinks/plugins/zego_express_engine/ios`)

SPEC REPOS:
  trunk:
    - DKImagePickerController
    - DKPhotoGallery
    - FLAnimatedImage
    - flutter_sound_core
    - FMDB
    - JCore
    - JPush
    - libwebp
    - M80AttributedLabel
    - Mantle
    - Reachability
    - SDWebImage
    - SDWebImageWebPCoder
    - SVProgressHUD
    - SwiftyGif
    - Toast
    - TZImagePickerController
    - ZegoExpressEngine

EXTERNAL SOURCES:
  audioplayers:
    :path: ".symlinks/plugins/audioplayers/ios"
  connectivity:
    :path: ".symlinks/plugins/connectivity/ios"
  device_info:
    :path: ".symlinks/plugins/device_info/ios"
  emoji_picker_flutter:
    :path: ".symlinks/plugins/emoji_picker_flutter/ios"
  file_picker:
    :path: ".symlinks/plugins/file_picker/ios"
  Flutter:
    :path: Flutter
  flutter_image_compress:
    :path: ".symlinks/plugins/flutter_image_compress/ios"
  flutter_sound:
    :path: ".symlinks/plugins/flutter_sound/ios"
  fluttertoast:
    :path: ".symlinks/plugins/fluttertoast/ios"
  image_picker:
    :path: ".symlinks/plugins/image_picker/ios"
  jpush_flutter:
    :path: ".symlinks/plugins/jpush_flutter/ios"
  open_file:
    :path: ".symlinks/plugins/open_file/ios"
  package_info:
    :path: ".symlinks/plugins/package_info/ios"
  path_provider_ios:
    :path: ".symlinks/plugins/path_provider_ios/ios"
  permission_handler:
    :path: ".symlinks/plugins/permission_handler/ios"
  photo_manager:
    :path: ".symlinks/plugins/photo_manager/ios"
  record:
    :path: ".symlinks/plugins/record/ios"
  share:
    :path: ".symlinks/plugins/share/ios"
  shared_preferences_ios:
    :path: ".symlinks/plugins/shared_preferences_ios/ios"
  sqflite:
    :path: ".symlinks/plugins/sqflite/ios"
  url_launcher_ios:
    :path: ".symlinks/plugins/url_launcher_ios/ios"
  video_player_avfoundation:
    :path: ".symlinks/plugins/video_player_avfoundation/ios"
  video_thumbnail:
    :path: ".symlinks/plugins/video_thumbnail/ios"
  webview_flutter_wkwebview:
    :path: ".symlinks/plugins/webview_flutter_wkwebview/ios"
  zego_express_engine:
    :path: ".symlinks/plugins/zego_express_engine/ios"

SPEC CHECKSUMS:
  audioplayers: 455322b54050b30ea4b1af7cd9e9d105f74efa8c
  connectivity: c4130b2985d4ef6fd26f9702e886bd5260681467
  device_info: d7d233b645a32c40dfdc212de5cf646ca482f175
  DKImagePickerController: b5eb7f7a388e4643264105d648d01f727110fc3d
  DKPhotoGallery: fdfad5125a9fdda9cc57df834d49df790dbb4179
  emoji_picker_flutter: df19dac03a2b39ac667dc8d1da939ef3a9e21347
  file_picker: 3e6c3790de664ccf9b882732d9db5eaf6b8d4eb1
  FLAnimatedImage: 8f3e854ebf9680b71f0b6e700939687fc4d82b4b
  Flutter: 50d75fe2f02b26cc09d224853bb45737f8b3214a
  flutter_image_compress: fd2b476345226e1a10ea352fa306af95704642c1
  flutter_sound: a922ba3128664bba68538fb21e6e5c3d93279a1a
  flutter_sound_core: 144499190034026b79225b26f5dcd0094e4e55e3
  fluttertoast: 16fbe6039d06a763f3533670197d01fc73459037
  FMDB: 2ce00b547f966261cd18927a3ddb07cb6f3db82a
  image_picker: 541dcbb3b9cf32d87eacbd957845d8651d6c62c3
  JCore: 0cb4fc5892bc97af4f27283875369ead3eaa3067
  JPush: 507d66d7ea307faba1330666d48e4e92af611659
  jpush_flutter: e75658a5342e3bfe22d9f3de5dfacd3ef44230c5
  libwebp: 98a37e597e40bfdb4c911fc98f2c53d0b12d05fc
  M80AttributedLabel: 77fedfe63804c989a6de0fa4d400ea8cad3ab441
  Mantle: c5aa8794a29a022dfbbfc9799af95f477a69b62d
  open_file: 02eb5cb6b21264bd3a696876f5afbfb7ca4f4b7d
  package_info: 873975fc26034f0b863a300ad47e7f1ac6c7ec62
  path_provider_ios: 14f3d2fd28c4fdb42f44e0f751d12861c43cee02
  permission_handler: ccb20a9fad0ee9b1314a52b70b76b473c5f8dab0
  photo_manager: 4f6810b7dfc4feb03b461ac1a70dacf91fba7604
  Reachability: 33e18b67625424e47b6cde6d202dce689ad7af96
  record: 7ee2393532f8553bbb09fa19e95478323b7c0a99
  SDWebImage: 240e5c12b592fb1268c1d03b8c90d90e8c2ffe82
  SDWebImageWebPCoder: f93010f3f6c031e2f8fb3081ca4ee6966c539815
  share: 0b2c3e82132f5888bccca3351c504d0003b3b410
  shared_preferences_ios: 548a61f8053b9b8a49ac19c1ffbc8b92c50d68ad
  sqflite: 6d358c025f5b867b29ed92fc697fd34924e11904
  SVProgressHUD: 1428aafac632c1f86f62aa4243ec12008d7a51d6
  SwiftyGif: 6c3eafd0ce693cad58bb63d2b2fb9bacb8552780
  Toast: 91b396c56ee72a5790816f40d3a94dd357abc196
  TZImagePickerController: 0f926234c46362d3c4ed128832b6da59b2d9917e
  url_launcher_ios: 839c58cdb4279282219f5e248c3321761ff3c4de
  video_player_avfoundation: e489aac24ef5cf7af82702979ed16f2a5ef84cff
  video_thumbnail: c4e2a3c539e247d4de13cd545344fd2d26ffafd1
  webview_flutter_wkwebview: 005fbd90c888a42c5690919a1527ecc6649e1162
  zego_express_engine: ddd3fdbe634f0e523884ff690edd1c16fed5aed9
  ZegoExpressEngine: 17d6eea8371143deaf544bba0952179ce9c0ad97

PODFILE CHECKSUM: 2b26ba1e8cdf71dd596bee082c9a4b65e505b319

COCOAPODS: 1.11.2
